
Microsoft Visual Studio Solution File, Format Version 12.00
# Visual Studio Version 17
VisualStudioVersion = 17.1.32421.90
MinimumVisualStudioVersion = 10.0.40219.1
Project("{FAE04EC0-301F-11D3-BF4B-00C04F79EFBC}") = "BtiLab2", "BtiLab2\BtiLab2.csproj", "{21954446-3D73-4BE3-90FC-4ECA2F525E6B}"
EndProject
Global
	GlobalSection(SolutionConfigurationPlatforms) = preSolution
		Debug|Any CPU = Debug|Any CPU
		Release|Any CPU = Release|Any CPU
	EndGlobalSection
	GlobalSection(ProjectConfigurationPlatforms) = postSolution
		{21954446-3D73-4BE3-90FC-4ECA2F525E6B}.Debug|Any CPU.ActiveCfg = Debug|Any CPU
		{21954446-3D73-4BE3-90FC-4ECA2F525E6B}.Debug|Any CPU.Build.0 = Debug|Any CPU
		{21954446-3D73-4BE3-90FC-4ECA2F525E6B}.Release|Any CPU.ActiveCfg = Release|Any CPU
		{21954446-3D73-4BE3-90FC-4ECA2F525E6B}.Release|Any CPU.Build.0 = Release|Any CPU
	EndGlobalSection
	GlobalSection(SolutionProperties) = preSolution
		HideSolutionNode = FALSE
	EndGlobalSection
	GlobalSection(ExtensibilityGlobals) = postSolution
		SolutionGuid = {23B567E7-A6A5-4870-B390-29B1DD978EF3}
	EndGlobalSection
EndGlobal
